// !$*UTF8*$!
{
	archiveVersion = 1;
	classes = {
	};
	objectVersion = 56;
	objects = {

/* Begin PBXBuildFile section */
		B21E041F2C5D0C04008E2556 /* AlertActionsScreenCoordinator.swift in Sources */ = {isa = PBXBuildFile; fileRef = B21E04112C5D0C03008E2556 /* AlertActionsScreenCoordinator.swift */; };
		B21E04202C5D0C04008E2556 /* AlertActionsScreenView.swift in Sources */ = {isa = PBXBuildFile; fileRef = B21E04122C5D0C03008E2556 /* AlertActionsScreenView.swift */; };
		B21E04212C5D0C04008E2556 /* AlertActionsScreenViewModel.swift in Sources */ = {isa = PBXBuildFile; fileRef = B21E04132C5D0C03008E2556 /* AlertActionsScreenViewModel.swift */; };
		B21E04222C5D0C04008E2556 /* ConfirmationDialogActionsScreenCoordinator.swift in Sources */ = {isa = PBXBuildFile; fileRef = B21E04152C5D0C04008E2556 /* ConfirmationDialogActionsScreenCoordinator.swift */; };
		B21E04232C5D0C04008E2556 /* ConfirmationDialogActionsScreenView.swift in Sources */ = {isa = PBXBuildFile; fileRef = B21E04162C5D0C04008E2556 /* ConfirmationDialogActionsScreenView.swift */; };
		B21E04242C5D0C04008E2556 /* ConfirmationDialogActionsScreenViewModel.swift in Sources */ = {isa = PBXBuildFile; fileRef = B21E04172C5D0C04008E2556 /* ConfirmationDialogActionsScreenViewModel.swift */; };
		B21E04252C5D0C04008E2556 /* ModalsScreenCoordinator.swift in Sources */ = {isa = PBXBuildFile; fileRef = B21E04192C5D0C04008E2556 /* ModalsScreenCoordinator.swift */; };
		B21E04262C5D0C04008E2556 /* ModalsScreenModalRouteID.swift in Sources */ = {isa = PBXBuildFile; fileRef = B21E041A2C5D0C04008E2556 /* ModalsScreenModalRouteID.swift */; };
		B21E04272C5D0C04008E2556 /* ModalsScreenView.swift in Sources */ = {isa = PBXBuildFile; fileRef = B21E041B2C5D0C04008E2556 /* ModalsScreenView.swift */; };
		B21E04282C5D0C04008E2556 /* ModalsScreenViewModel.swift in Sources */ = {isa = PBXBuildFile; fileRef = B21E041C2C5D0C04008E2556 /* ModalsScreenViewModel.swift */; };
		B23BE04B2C5AAA2F009858AB /* RootRouteIDsScreenCoordinator.swift in Sources */ = {isa = PBXBuildFile; fileRef = B23BE0462C5AAA2F009858AB /* RootRouteIDsScreenCoordinator.swift */; };
		B23BE04C2C5AAA2F009858AB /* RootRouteIDsScreenView.swift in Sources */ = {isa = PBXBuildFile; fileRef = B23BE0472C5AAA2F009858AB /* RootRouteIDsScreenView.swift */; };
		B23BE04D2C5AAA2F009858AB /* RootRouteIDsScreenView+Params.swift in Sources */ = {isa = PBXBuildFile; fileRef = B23BE0482C5AAA2F009858AB /* RootRouteIDsScreenView+Params.swift */; };
		B23BE04E2C5AAA2F009858AB /* RootRouteIDsScreenViewModel.swift in Sources */ = {isa = PBXBuildFile; fileRef = B23BE0492C5AAA2F009858AB /* RootRouteIDsScreenViewModel.swift */; };
		B23CB5BB2C5D72A7001B498F /* TabBar+Tab.swift in Sources */ = {isa = PBXBuildFile; fileRef = B23CB5B52C5D72A7001B498F /* TabBar+Tab.swift */; };
		B23CB5BC2C5D72A7001B498F /* TabBar+Tab+ViewParams.swift in Sources */ = {isa = PBXBuildFile; fileRef = B23CB5B62C5D72A7001B498F /* TabBar+Tab+ViewParams.swift */; };
		B23CB5BD2C5D72A7001B498F /* TabBarScreenCoordinator.swift in Sources */ = {isa = PBXBuildFile; fileRef = B23CB5B72C5D72A7001B498F /* TabBarScreenCoordinator.swift */; };
		B23CB5BE2C5D72A7001B498F /* TabBarScreenView.swift in Sources */ = {isa = PBXBuildFile; fileRef = B23CB5B82C5D72A7001B498F /* TabBarScreenView.swift */; };
		B23CB5BF2C5D72A7001B498F /* TabBarScreenViewModel.swift in Sources */ = {isa = PBXBuildFile; fileRef = B23CB5B92C5D72A7001B498F /* TabBarScreenViewModel.swift */; };
		B23CB5C12C5D838D001B498F /* NavigationChildScreenView+Params.swift in Sources */ = {isa = PBXBuildFile; fileRef = B23CB5C02C5D838D001B498F /* NavigationChildScreenView+Params.swift */; };
		B26D08F92C5791DD0094CBFB /* AppCoordinator.swift in Sources */ = {isa = PBXBuildFile; fileRef = B26D08F52C5791DD0094CBFB /* AppCoordinator.swift */; };
		B26D08FA2C5791DE0094CBFB /* AppRootRouteID.swift in Sources */ = {isa = PBXBuildFile; fileRef = B26D08F62C5791DD0094CBFB /* AppRootRouteID.swift */; };
		B26D08FB2C5791DE0094CBFB /* SwiftUIMVVMCExampleApp.swift in Sources */ = {isa = PBXBuildFile; fileRef = B26D08F72C5791DD0094CBFB /* SwiftUIMVVMCExampleApp.swift */; };
		B26D08FC2C5791DE0094CBFB /* AppViewModel.swift in Sources */ = {isa = PBXBuildFile; fileRef = B26D08F82C5791DD0094CBFB /* AppViewModel.swift */; };
		B26D09052C5791E80094CBFB /* EmptyScreenCoordinator.swift in Sources */ = {isa = PBXBuildFile; fileRef = B26D08FD2C5791E80094CBFB /* EmptyScreenCoordinator.swift */; };
		B26D09062C5791E80094CBFB /* EmptyScreenView.swift in Sources */ = {isa = PBXBuildFile; fileRef = B26D08FE2C5791E80094CBFB /* EmptyScreenView.swift */; };
		B26D09072C5791E80094CBFB /* EmptyScreenViewModel.swift in Sources */ = {isa = PBXBuildFile; fileRef = B26D08FF2C5791E80094CBFB /* EmptyScreenViewModel.swift */; };
		B26D09082C5791E80094CBFB /* LaunchScreenCoordinator.swift in Sources */ = {isa = PBXBuildFile; fileRef = B26D09012C5791E80094CBFB /* LaunchScreenCoordinator.swift */; };
		B26D09092C5791E80094CBFB /* LaunchScreenView.swift in Sources */ = {isa = PBXBuildFile; fileRef = B26D09022C5791E80094CBFB /* LaunchScreenView.swift */; };
		B26D090A2C5791E80094CBFB /* LaunchScreenViewModel.swift in Sources */ = {isa = PBXBuildFile; fileRef = B26D09032C5791E80094CBFB /* LaunchScreenViewModel.swift */; };
		B275E7C22C5679A1000D3CB3 /* Assets.xcassets in Resources */ = {isa = PBXBuildFile; fileRef = B275E7C12C5679A1000D3CB3 /* Assets.xcassets */; };
		B275E7C52C5679A1000D3CB3 /* Preview Assets.xcassets in Resources */ = {isa = PBXBuildFile; fileRef = B275E7C42C5679A1000D3CB3 /* Preview Assets.xcassets */; };
		B27774762C5A7FE3003BC0BD /* TemplateScreenView.swift in Sources */ = {isa = PBXBuildFile; fileRef = B27774752C5A7FE3003BC0BD /* TemplateScreenView.swift */; };
		B27774782C5A7FF0003BC0BD /* TemplateScreenViewModel.swift in Sources */ = {isa = PBXBuildFile; fileRef = B27774772C5A7FF0003BC0BD /* TemplateScreenViewModel.swift */; };
		B277747A2C5A7FFE003BC0BD /* TemplateScreenCoordinator.swift in Sources */ = {isa = PBXBuildFile; fileRef = B27774792C5A7FFE003BC0BD /* TemplateScreenCoordinator.swift */; };
		B277747C2C5A801A003BC0BD /* TemplateScreenView+Params.swift in Sources */ = {isa = PBXBuildFile; fileRef = B277747B2C5A801A003BC0BD /* TemplateScreenView+Params.swift */; };
		B277747E2C5A842E003BC0BD /* NavigationScreenNavigationRouteID.swift in Sources */ = {isa = PBXBuildFile; fileRef = B277747D2C5A842E003BC0BD /* NavigationScreenNavigationRouteID.swift */; };
		B27774802C5A85F3003BC0BD /* NavigationScreenView.swift in Sources */ = {isa = PBXBuildFile; fileRef = B277747F2C5A85F3003BC0BD /* NavigationScreenView.swift */; };
		B27774822C5A85FA003BC0BD /* NavigationScreenViewModel.swift in Sources */ = {isa = PBXBuildFile; fileRef = B27774812C5A85FA003BC0BD /* NavigationScreenViewModel.swift */; };
		B27774842C5A8605003BC0BD /* NavigationScreenCoordinator.swift in Sources */ = {isa = PBXBuildFile; fileRef = B27774832C5A8605003BC0BD /* NavigationScreenCoordinator.swift */; };
		B28008072C57974D0035E429 /* SwiftUI_MVVMC in Frameworks */ = {isa = PBXBuildFile; productRef = B28008062C57974D0035E429 /* SwiftUI_MVVMC */; };
		B2ECAC1D2C5BC2B900E8F57F /* NavigationChildScreenView.swift in Sources */ = {isa = PBXBuildFile; fileRef = B2ECAC1A2C5BC2B900E8F57F /* NavigationChildScreenView.swift */; };
		B2ECAC1E2C5BC2B900E8F57F /* NavigationChildScreenViewModel.swift in Sources */ = {isa = PBXBuildFile; fileRef = B2ECAC1B2C5BC2B900E8F57F /* NavigationChildScreenViewModel.swift */; };
		B2ECAC1F2C5BC2B900E8F57F /* NavigationChildScreenCoordinator.swift in Sources */ = {isa = PBXBuildFile; fileRef = B2ECAC1C2C5BC2B900E8F57F /* NavigationChildScreenCoordinator.swift */; };
/* End PBXBuildFile section */

/* Begin PBXFileReference section */
		B21E04112C5D0C03008E2556 /* AlertActionsScreenCoordinator.swift */ = {isa = PBXFileReference; fileEncoding = 4; lastKnownFileType = sourcecode.swift; path = AlertActionsScreenCoordinator.swift; sourceTree = "<group>"; };
		B21E04122C5D0C03008E2556 /* AlertActionsScreenView.swift */ = {isa = PBXFileReference; fileEncoding = 4; lastKnownFileType = sourcecode.swift; path = AlertActionsScreenView.swift; sourceTree = "<group>"; };
		B21E04132C5D0C03008E2556 /* AlertActionsScreenViewModel.swift */ = {isa = PBXFileReference; fileEncoding = 4; lastKnownFileType = sourcecode.swift; path = AlertActionsScreenViewModel.swift; sourceTree = "<group>"; };
		B21E04152C5D0C04008E2556 /* ConfirmationDialogActionsScreenCoordinator.swift */ = {isa = PBXFileReference; fileEncoding = 4; lastKnownFileType = sourcecode.swift; path = ConfirmationDialogActionsScreenCoordinator.swift; sourceTree = "<group>"; };
		B21E04162C5D0C04008E2556 /* ConfirmationDialogActionsScreenView.swift */ = {isa = PBXFileReference; fileEncoding = 4; lastKnownFileType = sourcecode.swift; path = ConfirmationDialogActionsScreenView.swift; sourceTree = "<group>"; };
		B21E04172C5D0C04008E2556 /* ConfirmationDialogActionsScreenViewModel.swift */ = {isa = PBXFileReference; fileEncoding = 4; lastKnownFileType = sourcecode.swift; path = ConfirmationDialogActionsScreenViewModel.swift; sourceTree = "<group>"; };
		B21E04192C5D0C04008E2556 /* ModalsScreenCoordinator.swift */ = {isa = PBXFileReference; fileEncoding = 4; lastKnownFileType = sourcecode.swift; path = ModalsScreenCoordinator.swift; sourceTree = "<group>"; };
		B21E041A2C5D0C04008E2556 /* ModalsScreenModalRouteID.swift */ = {isa = PBXFileReference; fileEncoding = 4; lastKnownFileType = sourcecode.swift; path = ModalsScreenModalRouteID.swift; sourceTree = "<group>"; };
		B21E041B2C5D0C04008E2556 /* ModalsScreenView.swift */ = {isa = PBXFileReference; fileEncoding = 4; lastKnownFileType = sourcecode.swift; path = ModalsScreenView.swift; sourceTree = "<group>"; };
		B21E041C2C5D0C04008E2556 /* ModalsScreenViewModel.swift */ = {isa = PBXFileReference; fileEncoding = 4; lastKnownFileType = sourcecode.swift; path = ModalsScreenViewModel.swift; sourceTree = "<group>"; };
		B23BE0462C5AAA2F009858AB /* RootRouteIDsScreenCoordinator.swift */ = {isa = PBXFileReference; fileEncoding = 4; lastKnownFileType = sourcecode.swift; path = RootRouteIDsScreenCoordinator.swift; sourceTree = "<group>"; };
		B23BE0472C5AAA2F009858AB /* RootRouteIDsScreenView.swift */ = {isa = PBXFileReference; fileEncoding = 4; lastKnownFileType = sourcecode.swift; path = RootRouteIDsScreenView.swift; sourceTree = "<group>"; };
		B23BE0482C5AAA2F009858AB /* RootRouteIDsScreenView+Params.swift */ = {isa = PBXFileReference; fileEncoding = 4; lastKnownFileType = sourcecode.swift; path = "RootRouteIDsScreenView+Params.swift"; sourceTree = "<group>"; };
		B23BE0492C5AAA2F009858AB /* RootRouteIDsScreenViewModel.swift */ = {isa = PBXFileReference; fileEncoding = 4; lastKnownFileType = sourcecode.swift; path = RootRouteIDsScreenViewModel.swift; sourceTree = "<group>"; };
		B23CB5B52C5D72A7001B498F /* TabBar+Tab.swift */ = {isa = PBXFileReference; fileEncoding = 4; lastKnownFileType = sourcecode.swift; path = "TabBar+Tab.swift"; sourceTree = "<group>"; };
		B23CB5B62C5D72A7001B498F /* TabBar+Tab+ViewParams.swift */ = {isa = PBXFileReference; fileEncoding = 4; lastKnownFileType = sourcecode.swift; path = "TabBar+Tab+ViewParams.swift"; sourceTree = "<group>"; };
		B23CB5B72C5D72A7001B498F /* TabBarScreenCoordinator.swift */ = {isa = PBXFileReference; fileEncoding = 4; lastKnownFileType = sourcecode.swift; path = TabBarScreenCoordinator.swift; sourceTree = "<group>"; };
		B23CB5B82C5D72A7001B498F /* TabBarScreenView.swift */ = {isa = PBXFileReference; fileEncoding = 4; lastKnownFileType = sourcecode.swift; path = TabBarScreenView.swift; sourceTree = "<group>"; };
		B23CB5B92C5D72A7001B498F /* TabBarScreenViewModel.swift */ = {isa = PBXFileReference; fileEncoding = 4; lastKnownFileType = sourcecode.swift; path = TabBarScreenViewModel.swift; sourceTree = "<group>"; };
		B23CB5C02C5D838D001B498F /* NavigationChildScreenView+Params.swift */ = {isa = PBXFileReference; lastKnownFileType = sourcecode.swift; path = "NavigationChildScreenView+Params.swift"; sourceTree = "<group>"; };
		B26D08F52C5791DD0094CBFB /* AppCoordinator.swift */ = {isa = PBXFileReference; fileEncoding = 4; lastKnownFileType = sourcecode.swift; path = AppCoordinator.swift; sourceTree = "<group>"; };
		B26D08F62C5791DD0094CBFB /* AppRootRouteID.swift */ = {isa = PBXFileReference; fileEncoding = 4; lastKnownFileType = sourcecode.swift; path = AppRootRouteID.swift; sourceTree = "<group>"; };
		B26D08F72C5791DD0094CBFB /* SwiftUIMVVMCExampleApp.swift */ = {isa = PBXFileReference; fileEncoding = 4; lastKnownFileType = sourcecode.swift; path = SwiftUIMVVMCExampleApp.swift; sourceTree = "<group>"; };
		B26D08F82C5791DD0094CBFB /* AppViewModel.swift */ = {isa = PBXFileReference; fileEncoding = 4; lastKnownFileType = sourcecode.swift; path = AppViewModel.swift; sourceTree = "<group>"; };
		B26D08FD2C5791E80094CBFB /* EmptyScreenCoordinator.swift */ = {isa = PBXFileReference; fileEncoding = 4; lastKnownFileType = sourcecode.swift; path = EmptyScreenCoordinator.swift; sourceTree = "<group>"; };
		B26D08FE2C5791E80094CBFB /* EmptyScreenView.swift */ = {isa = PBXFileReference; fileEncoding = 4; lastKnownFileType = sourcecode.swift; path = EmptyScreenView.swift; sourceTree = "<group>"; };
		B26D08FF2C5791E80094CBFB /* EmptyScreenViewModel.swift */ = {isa = PBXFileReference; fileEncoding = 4; lastKnownFileType = sourcecode.swift; path = EmptyScreenViewModel.swift; sourceTree = "<group>"; };
		B26D09012C5791E80094CBFB /* LaunchScreenCoordinator.swift */ = {isa = PBXFileReference; fileEncoding = 4; lastKnownFileType = sourcecode.swift; path = LaunchScreenCoordinator.swift; sourceTree = "<group>"; };
		B26D09022C5791E80094CBFB /* LaunchScreenView.swift */ = {isa = PBXFileReference; fileEncoding = 4; lastKnownFileType = sourcecode.swift; path = LaunchScreenView.swift; sourceTree = "<group>"; };
		B26D09032C5791E80094CBFB /* LaunchScreenViewModel.swift */ = {isa = PBXFileReference; fileEncoding = 4; lastKnownFileType = sourcecode.swift; path = LaunchScreenViewModel.swift; sourceTree = "<group>"; };
		B275E7BA2C56799F000D3CB3 /* SwiftUIMVVMCExample.app */ = {isa = PBXFileReference; explicitFileType = wrapper.application; includeInIndex = 0; path = SwiftUIMVVMCExample.app; sourceTree = BUILT_PRODUCTS_DIR; };
		B275E7C12C5679A1000D3CB3 /* Assets.xcassets */ = {isa = PBXFileReference; lastKnownFileType = folder.assetcatalog; path = Assets.xcassets; sourceTree = "<group>"; };
		B275E7C42C5679A1000D3CB3 /* Preview Assets.xcassets */ = {isa = PBXFileReference; lastKnownFileType = folder.assetcatalog; path = "Preview Assets.xcassets"; sourceTree = "<group>"; };
		B27774752C5A7FE3003BC0BD /* TemplateScreenView.swift */ = {isa = PBXFileReference; lastKnownFileType = sourcecode.swift; path = TemplateScreenView.swift; sourceTree = "<group>"; };
		B27774772C5A7FF0003BC0BD /* TemplateScreenViewModel.swift */ = {isa = PBXFileReference; lastKnownFileType = sourcecode.swift; path = TemplateScreenViewModel.swift; sourceTree = "<group>"; };
		B27774792C5A7FFE003BC0BD /* TemplateScreenCoordinator.swift */ = {isa = PBXFileReference; lastKnownFileType = sourcecode.swift; path = TemplateScreenCoordinator.swift; sourceTree = "<group>"; };
		B277747B2C5A801A003BC0BD /* TemplateScreenView+Params.swift */ = {isa = PBXFileReference; lastKnownFileType = sourcecode.swift; path = "TemplateScreenView+Params.swift"; sourceTree = "<group>"; };
		B277747D2C5A842E003BC0BD /* NavigationScreenNavigationRouteID.swift */ = {isa = PBXFileReference; lastKnownFileType = sourcecode.swift; path = NavigationScreenNavigationRouteID.swift; sourceTree = "<group>"; };
		B277747F2C5A85F3003BC0BD /* NavigationScreenView.swift */ = {isa = PBXFileReference; lastKnownFileType = sourcecode.swift; path = NavigationScreenView.swift; sourceTree = "<group>"; };
		B27774812C5A85FA003BC0BD /* NavigationScreenViewModel.swift */ = {isa = PBXFileReference; lastKnownFileType = sourcecode.swift; path = NavigationScreenViewModel.swift; sourceTree = "<group>"; };
		B27774832C5A8605003BC0BD /* NavigationScreenCoordinator.swift */ = {isa = PBXFileReference; lastKnownFileType = sourcecode.swift; path = NavigationScreenCoordinator.swift; sourceTree = "<group>"; };
		B27E85712C567AAE0081874E /* SwiftUI_MVVMC */ = {isa = PBXFileReference; lastKnownFileType = wrapper; name = SwiftUI_MVVMC; path = ../..; sourceTree = "<group>"; };
		B2ECAC1A2C5BC2B900E8F57F /* NavigationChildScreenView.swift */ = {isa = PBXFileReference; fileEncoding = 4; lastKnownFileType = sourcecode.swift; path = NavigationChildScreenView.swift; sourceTree = "<group>"; };
		B2ECAC1B2C5BC2B900E8F57F /* NavigationChildScreenViewModel.swift */ = {isa = PBXFileReference; fileEncoding = 4; lastKnownFileType = sourcecode.swift; path = NavigationChildScreenViewModel.swift; sourceTree = "<group>"; };
		B2ECAC1C2C5BC2B900E8F57F /* NavigationChildScreenCoordinator.swift */ = {isa = PBXFileReference; fileEncoding = 4; lastKnownFileType = sourcecode.swift; path = NavigationChildScreenCoordinator.swift; sourceTree = "<group>"; };
/* End PBXFileReference section */

/* Begin PBXFrameworksBuildPhase section */
		B275E7B72C56799F000D3CB3 /* Frameworks */ = {
			isa = PBXFrameworksBuildPhase;
			buildActionMask = 2147483647;
			files = (
				B28008072C57974D0035E429 /* SwiftUI_MVVMC in Frameworks */,
			);
			runOnlyForDeploymentPostprocessing = 0;
		};
/* End PBXFrameworksBuildPhase section */

/* Begin PBXGroup section */
		B21E04142C5D0C03008E2556 /* Alert */ = {
			isa = PBXGroup;
			children = (
				B21E04122C5D0C03008E2556 /* AlertActionsScreenView.swift */,
				B21E04132C5D0C03008E2556 /* AlertActionsScreenViewModel.swift */,
				B21E04112C5D0C03008E2556 /* AlertActionsScreenCoordinator.swift */,
			);
			path = Alert;
			sourceTree = "<group>";
		};
		B21E04182C5D0C04008E2556 /* ConfirmationDialog */ = {
			isa = PBXGroup;
			children = (
				B21E04162C5D0C04008E2556 /* ConfirmationDialogActionsScreenView.swift */,
				B21E04172C5D0C04008E2556 /* ConfirmationDialogActionsScreenViewModel.swift */,
				B21E04152C5D0C04008E2556 /* ConfirmationDialogActionsScreenCoordinator.swift */,
			);
			path = ConfirmationDialog;
			sourceTree = "<group>";
		};
		B21E041E2C5D0C04008E2556 /* Modals */ = {
			isa = PBXGroup;
			children = (
				B21E041B2C5D0C04008E2556 /* ModalsScreenView.swift */,
				B21E041C2C5D0C04008E2556 /* ModalsScreenViewModel.swift */,
				B21E04192C5D0C04008E2556 /* ModalsScreenCoordinator.swift */,
				B21E041A2C5D0C04008E2556 /* ModalsScreenModalRouteID.swift */,
			);
			path = Modals;
			sourceTree = "<group>";
		};
		B23BE04A2C5AAA2F009858AB /* RootRouteIDs */ = {
			isa = PBXGroup;
			children = (
				B23BE0472C5AAA2F009858AB /* RootRouteIDsScreenView.swift */,
				B23BE0492C5AAA2F009858AB /* RootRouteIDsScreenViewModel.swift */,
				B23BE0462C5AAA2F009858AB /* RootRouteIDsScreenCoordinator.swift */,
				B23BE0482C5AAA2F009858AB /* RootRouteIDsScreenView+Params.swift */,
			);
			path = RootRouteIDs;
			sourceTree = "<group>";
		};
		B23CB5BA2C5D72A7001B498F /* TabBar */ = {
			isa = PBXGroup;
			children = (
				B23CB5B82C5D72A7001B498F /* TabBarScreenView.swift */,
				B23CB5B92C5D72A7001B498F /* TabBarScreenViewModel.swift */,
				B23CB5B72C5D72A7001B498F /* TabBarScreenCoordinator.swift */,
				B23CB5B52C5D72A7001B498F /* TabBar+Tab.swift */,
				B23CB5B62C5D72A7001B498F /* TabBar+Tab+ViewParams.swift */,
			);
			path = TabBar;
			sourceTree = "<group>";
		};
		B26D08F12C5791640094CBFB /* App */ = {
			isa = PBXGroup;
			children = (
				B26D08F72C5791DD0094CBFB /* SwiftUIMVVMCExampleApp.swift */,
				B26D08F82C5791DD0094CBFB /* AppViewModel.swift */,
				B26D08F52C5791DD0094CBFB /* AppCoordinator.swift */,
				B26D08F62C5791DD0094CBFB /* AppRootRouteID.swift */,
			);
			path = App;
			sourceTree = "<group>";
		};
		B26D08F22C5791690094CBFB /* Screens */ = {
			isa = PBXGroup;
			children = (
				B23BE04A2C5AAA2F009858AB /* RootRouteIDs */,
				B26D09042C5791E80094CBFB /* Launch */,
				B23CB5BA2C5D72A7001B498F /* TabBar */,
				B277746B2C5A7E55003BC0BD /* Navigation */,
				B21E041E2C5D0C04008E2556 /* Modals */,
				B21E04142C5D0C03008E2556 /* Alert */,
				B21E04182C5D0C04008E2556 /* ConfirmationDialog */,
				B27774732C5A7FBE003BC0BD /* Template */,
				B26D09002C5791E80094CBFB /* Empty */,
			);
			path = Screens;
			sourceTree = "<group>";
		};
		B26D09002C5791E80094CBFB /* Empty */ = {
			isa = PBXGroup;
			children = (
				B26D08FE2C5791E80094CBFB /* EmptyScreenView.swift */,
				B26D08FF2C5791E80094CBFB /* EmptyScreenViewModel.swift */,
				B26D08FD2C5791E80094CBFB /* EmptyScreenCoordinator.swift */,
			);
			path = Empty;
			sourceTree = "<group>";
		};
		B26D09042C5791E80094CBFB /* Launch */ = {
			isa = PBXGroup;
			children = (
				B26D09022C5791E80094CBFB /* LaunchScreenView.swift */,
				B26D09032C5791E80094CBFB /* LaunchScreenViewModel.swift */,
				B26D09012C5791E80094CBFB /* LaunchScreenCoordinator.swift */,
			);
			path = Launch;
			sourceTree = "<group>";
		};
		B275E7B12C56799F000D3CB3 = {
			isa = PBXGroup;
			children = (
				B27E85712C567AAE0081874E /* SwiftUI_MVVMC */,
				B275E7BC2C56799F000D3CB3 /* SwiftUIMVVMCExample */,
				B275E7BB2C56799F000D3CB3 /* Products */,
				B27E856C2C567A820081874E /* Frameworks */,
			);
			sourceTree = "<group>";
		};
		B275E7BB2C56799F000D3CB3 /* Products */ = {
			isa = PBXGroup;
			children = (
				B275E7BA2C56799F000D3CB3 /* SwiftUIMVVMCExample.app */,
			);
			name = Products;
			sourceTree = "<group>";
		};
		B275E7BC2C56799F000D3CB3 /* SwiftUIMVVMCExample */ = {
			isa = PBXGroup;
			children = (
				B26D08F12C5791640094CBFB /* App */,
				B26D08F22C5791690094CBFB /* Screens */,
				B275E7C12C5679A1000D3CB3 /* Assets.xcassets */,
				B275E7C32C5679A1000D3CB3 /* Preview Content */,
			);
			path = SwiftUIMVVMCExample;
			sourceTree = "<group>";
		};
		B275E7C32C5679A1000D3CB3 /* Preview Content */ = {
			isa = PBXGroup;
			children = (
				B275E7C42C5679A1000D3CB3 /* Preview Assets.xcassets */,
			);
			path = "Preview Content";
			sourceTree = "<group>";
		};
		B277746B2C5A7E55003BC0BD /* Navigation */ = {
			isa = PBXGroup;
			children = (
				B277746C2C5A7E62003BC0BD /* Root */,
				B277747F2C5A85F3003BC0BD /* NavigationScreenView.swift */,
				B27774812C5A85FA003BC0BD /* NavigationScreenViewModel.swift */,
				B27774832C5A8605003BC0BD /* NavigationScreenCoordinator.swift */,
				B277747D2C5A842E003BC0BD /* NavigationScreenNavigationRouteID.swift */,
			);
			path = Navigation;
			sourceTree = "<group>";
		};
		B277746C2C5A7E62003BC0BD /* Root */ = {
			isa = PBXGroup;
			children = (
				B2ECAC1A2C5BC2B900E8F57F /* NavigationChildScreenView.swift */,
				B2ECAC1B2C5BC2B900E8F57F /* NavigationChildScreenViewModel.swift */,
				B2ECAC1C2C5BC2B900E8F57F /* NavigationChildScreenCoordinator.swift */,
				B23CB5C02C5D838D001B498F /* NavigationChildScreenView+Params.swift */,
			);
			path = Root;
			sourceTree = "<group>";
		};
		B27774732C5A7FBE003BC0BD /* Template */ = {
			isa = PBXGroup;
			children = (
				B27774752C5A7FE3003BC0BD /* TemplateScreenView.swift */,
				B27774772C5A7FF0003BC0BD /* TemplateScreenViewModel.swift */,
				B27774792C5A7FFE003BC0BD /* TemplateScreenCoordinator.swift */,
				B277747B2C5A801A003BC0BD /* TemplateScreenView+Params.swift */,
			);
			path = Template;
			sourceTree = "<group>";
		};
		B27E856C2C567A820081874E /* Frameworks */ = {
			isa = PBXGroup;
			children = (
			);
			name = Frameworks;
			sourceTree = "<group>";
		};
/* End PBXGroup section */

/* Begin PBXNativeTarget section */
		B275E7B92C56799F000D3CB3 /* SwiftUIMVVMCExample */ = {
			isa = PBXNativeTarget;
			buildConfigurationList = B275E7C82C5679A1000D3CB3 /* Build configuration list for PBXNativeTarget "SwiftUIMVVMCExample" */;
			buildPhases = (
				B275E7B62C56799F000D3CB3 /* Sources */,
				B275E7B72C56799F000D3CB3 /* Frameworks */,
				B275E7B82C56799F000D3CB3 /* Resources */,
			);
			buildRules = (
			);
			dependencies = (
			);
			name = SwiftUIMVVMCExample;
			packageProductDependencies = (
				B28008062C57974D0035E429 /* SwiftUI_MVVMC */,
			);
			productName = SwiftUIMVVMCExample;
			productReference = B275E7BA2C56799F000D3CB3 /* SwiftUIMVVMCExample.app */;
			productType = "com.apple.product-type.application";
		};
/* End PBXNativeTarget section */

/* Begin PBXProject section */
		B275E7B22C56799F000D3CB3 /* Project object */ = {
			isa = PBXProject;
			attributes = {
				BuildIndependentTargetsInParallel = 1;
				LastSwiftUpdateCheck = 1540;
				LastUpgradeCheck = 1540;
				TargetAttributes = {
					B275E7B92C56799F000D3CB3 = {
						CreatedOnToolsVersion = 15.4;
					};
				};
			};
			buildConfigurationList = B275E7B52C56799F000D3CB3 /* Build configuration list for PBXProject "SwiftUIMVVMCExample" */;
			compatibilityVersion = "Xcode 14.0";
			developmentRegion = en;
			hasScannedForEncodings = 0;
			knownRegions = (
				en,
				Base,
			);
			mainGroup = B275E7B12C56799F000D3CB3;
			packageReferences = (
			);
			productRefGroup = B275E7BB2C56799F000D3CB3 /* Products */;
			projectDirPath = "";
			projectRoot = "";
			targets = (
				B275E7B92C56799F000D3CB3 /* SwiftUIMVVMCExample */,
			);
		};
/* End PBXProject section */

/* Begin PBXResourcesBuildPhase section */
		B275E7B82C56799F000D3CB3 /* Resources */ = {
			isa = PBXResourcesBuildPhase;
			buildActionMask = 2147483647;
			files = (
				B275E7C52C5679A1000D3CB3 /* Preview Assets.xcassets in Resources */,
				B275E7C22C5679A1000D3CB3 /* Assets.xcassets in Resources */,
			);
			runOnlyForDeploymentPostprocessing = 0;
		};
/* End PBXResourcesBuildPhase section */

/* Begin PBXSourcesBuildPhase section */
		B275E7B62C56799F000D3CB3 /* Sources */ = {
			isa = PBXSourcesBuildPhase;
			buildActionMask = 2147483647;
			files = (
				B277747E2C5A842E003BC0BD /* NavigationScreenNavigationRouteID.swift in Sources */,
				B21E041F2C5D0C04008E2556 /* AlertActionsScreenCoordinator.swift in Sources */,
				B26D08FA2C5791DE0094CBFB /* AppRootRouteID.swift in Sources */,
				B27774762C5A7FE3003BC0BD /* TemplateScreenView.swift in Sources */,
				B23BE04E2C5AAA2F009858AB /* RootRouteIDsScreenViewModel.swift in Sources */,
				B23BE04D2C5AAA2F009858AB /* RootRouteIDsScreenView+Params.swift in Sources */,
				B23CB5BF2C5D72A7001B498F /* TabBarScreenViewModel.swift in Sources */,
				B21E04202C5D0C04008E2556 /* AlertActionsScreenView.swift in Sources */,
				B26D09072C5791E80094CBFB /* EmptyScreenViewModel.swift in Sources */,
				B23CB5BC2C5D72A7001B498F /* TabBar+Tab+ViewParams.swift in Sources */,
				B27774822C5A85FA003BC0BD /* NavigationScreenViewModel.swift in Sources */,
				B26D08FB2C5791DE0094CBFB /* SwiftUIMVVMCExampleApp.swift in Sources */,
				B27774782C5A7FF0003BC0BD /* TemplateScreenViewModel.swift in Sources */,
				B277747C2C5A801A003BC0BD /* TemplateScreenView+Params.swift in Sources */,
				B27774842C5A8605003BC0BD /* NavigationScreenCoordinator.swift in Sources */,
				B27774802C5A85F3003BC0BD /* NavigationScreenView.swift in Sources */,
				B21E04212C5D0C04008E2556 /* AlertActionsScreenViewModel.swift in Sources */,
				B2ECAC1F2C5BC2B900E8F57F /* NavigationChildScreenCoordinator.swift in Sources */,
				B26D09082C5791E80094CBFB /* LaunchScreenCoordinator.swift in Sources */,
				B21E04242C5D0C04008E2556 /* ConfirmationDialogActionsScreenViewModel.swift in Sources */,
				B21E04282C5D0C04008E2556 /* ModalsScreenViewModel.swift in Sources */,
				B23CB5C12C5D838D001B498F /* NavigationChildScreenView+Params.swift in Sources */,
				B21E04272C5D0C04008E2556 /* ModalsScreenView.swift in Sources */,
				B23CB5BB2C5D72A7001B498F /* TabBar+Tab.swift in Sources */,
				B23BE04C2C5AAA2F009858AB /* RootRouteIDsScreenView.swift in Sources */,
				B26D08FC2C5791DE0094CBFB /* AppViewModel.swift in Sources */,
				B23BE04B2C5AAA2F009858AB /* RootRouteIDsScreenCoordinator.swift in Sources */,
				B2ECAC1E2C5BC2B900E8F57F /* NavigationChildScreenViewModel.swift in Sources */,
				B26D090A2C5791E80094CBFB /* LaunchScreenViewModel.swift in Sources */,
				B21E04232C5D0C04008E2556 /* ConfirmationDialogActionsScreenView.swift in Sources */,
				B23CB5BE2C5D72A7001B498F /* TabBarScreenView.swift in Sources */,
				B23CB5BD2C5D72A7001B498F /* TabBarScreenCoordinator.swift in Sources */,
				B21E04262C5D0C04008E2556 /* ModalsScreenModalRouteID.swift in Sources */,
				B21E04222C5D0C04008E2556 /* ConfirmationDialogActionsScreenCoordinator.swift in Sources */,
				B26D09062C5791E80094CBFB /* EmptyScreenView.swift in Sources */,
				B26D08F92C5791DD0094CBFB /* AppCoordinator.swift in Sources */,
				B2ECAC1D2C5BC2B900E8F57F /* NavigationChildScreenView.swift in Sources */,
				B277747A2C5A7FFE003BC0BD /* TemplateScreenCoordinator.swift in Sources */,
				B21E04252C5D0C04008E2556 /* ModalsScreenCoordinator.swift in Sources */,
				B26D09092C5791E80094CBFB /* LaunchScreenView.swift in Sources */,
				B26D09052C5791E80094CBFB /* EmptyScreenCoordinator.swift in Sources */,
			);
			runOnlyForDeploymentPostprocessing = 0;
		};
/* End PBXSourcesBuildPhase section */

/* Begin XCBuildConfiguration section */
		B275E7C62C5679A1000D3CB3 /* Debug */ = {
			isa = XCBuildConfiguration;
			buildSettings = {
				ALWAYS_SEARCH_USER_PATHS = NO;
				ASSETCATALOG_COMPILER_GENERATE_SWIFT_ASSET_SYMBOL_EXTENSIONS = YES;
				CLANG_ANALYZER_NONNULL = YES;
				CLANG_ANALYZER_NUMBER_OBJECT_CONVERSION = YES_AGGRESSIVE;
				CLANG_CXX_LANGUAGE_STANDARD = "gnu++20";
				CLANG_ENABLE_MODULES = YES;
				CLANG_ENABLE_OBJC_ARC = YES;
				CLANG_ENABLE_OBJC_WEAK = YES;
				CLANG_WARN_BLOCK_CAPTURE_AUTORELEASING = YES;
				CLANG_WARN_BOOL_CONVERSION = YES;
				CLANG_WARN_COMMA = YES;
				CLANG_WARN_CONSTANT_CONVERSION = YES;
				CLANG_WARN_DEPRECATED_OBJC_IMPLEMENTATIONS = YES;
				CLANG_WARN_DIRECT_OBJC_ISA_USAGE = YES_ERROR;
				CLANG_WARN_DOCUMENTATION_COMMENTS = YES;
				CLANG_WARN_EMPTY_BODY = YES;
				CLANG_WARN_ENUM_CONVERSION = YES;
				CLANG_WARN_INFINITE_RECURSION = YES;
				CLANG_WARN_INT_CONVERSION = YES;
				CLANG_WARN_NON_LITERAL_NULL_CONVERSION = YES;
				CLANG_WARN_OBJC_IMPLICIT_RETAIN_SELF = YES;
				CLANG_WARN_OBJC_LITERAL_CONVERSION = YES;
				CLANG_WARN_OBJC_ROOT_CLASS = YES_ERROR;
				CLANG_WARN_QUOTED_INCLUDE_IN_FRAMEWORK_HEADER = YES;
				CLANG_WARN_RANGE_LOOP_ANALYSIS = YES;
				CLANG_WARN_STRICT_PROTOTYPES = YES;
				CLANG_WARN_SUSPICIOUS_MOVE = YES;
				CLANG_WARN_UNGUARDED_AVAILABILITY = YES_AGGRESSIVE;
				CLANG_WARN_UNREACHABLE_CODE = YES;
				CLANG_WARN__DUPLICATE_METHOD_MATCH = YES;
				COPY_PHASE_STRIP = NO;
				DEBUG_INFORMATION_FORMAT = dwarf;
				ENABLE_STRICT_OBJC_MSGSEND = YES;
				ENABLE_TESTABILITY = YES;
				ENABLE_USER_SCRIPT_SANDBOXING = YES;
				GCC_C_LANGUAGE_STANDARD = gnu17;
				GCC_DYNAMIC_NO_PIC = NO;
				GCC_NO_COMMON_BLOCKS = YES;
				GCC_OPTIMIZATION_LEVEL = 0;
				GCC_PREPROCESSOR_DEFINITIONS = (
					"DEBUG=1",
					"$(inherited)",
				);
				GCC_WARN_64_TO_32_BIT_CONVERSION = YES;
				GCC_WARN_ABOUT_RETURN_TYPE = YES_ERROR;
				GCC_WARN_UNDECLARED_SELECTOR = YES;
				GCC_WARN_UNINITIALIZED_AUTOS = YES_AGGRESSIVE;
				GCC_WARN_UNUSED_FUNCTION = YES;
				GCC_WARN_UNUSED_VARIABLE = YES;
				IPHONEOS_DEPLOYMENT_TARGET = 17.5;
				LOCALIZATION_PREFERS_STRING_CATALOGS = YES;
				MTL_ENABLE_DEBUG_INFO = INCLUDE_SOURCE;
				MTL_FAST_MATH = YES;
				ONLY_ACTIVE_ARCH = YES;
				SDKROOT = iphoneos;
				SWIFT_ACTIVE_COMPILATION_CONDITIONS = "DEBUG $(inherited)";
				SWIFT_OPTIMIZATION_LEVEL = "-Onone";
			};
			name = Debug;
		};
		B275E7C72C5679A1000D3CB3 /* Release */ = {
			isa = XCBuildConfiguration;
			buildSettings = {
				ALWAYS_SEARCH_USER_PATHS = NO;
				ASSETCATALOG_COMPILER_GENERATE_SWIFT_ASSET_SYMBOL_EXTENSIONS = YES;
				CLANG_ANALYZER_NONNULL = YES;
				CLANG_ANALYZER_NUMBER_OBJECT_CONVERSION = YES_AGGRESSIVE;
				CLANG_CXX_LANGUAGE_STANDARD = "gnu++20";
				CLANG_ENABLE_MODULES = YES;
				CLANG_ENABLE_OBJC_ARC = YES;
				CLANG_ENABLE_OBJC_WEAK = YES;
				CLANG_WARN_BLOCK_CAPTURE_AUTORELEASING = YES;
				CLANG_WARN_BOOL_CONVERSION = YES;
				CLANG_WARN_COMMA = YES;
				CLANG_WARN_CONSTANT_CONVERSION = YES;
				CLANG_WARN_DEPRECATED_OBJC_IMPLEMENTATIONS = YES;
				CLANG_WARN_DIRECT_OBJC_ISA_USAGE = YES_ERROR;
				CLANG_WARN_DOCUMENTATION_COMMENTS = YES;
				CLANG_WARN_EMPTY_BODY = YES;
				CLANG_WARN_ENUM_CONVERSION = YES;
				CLANG_WARN_INFINITE_RECURSION = YES;
				CLANG_WARN_INT_CONVERSION = YES;
				CLANG_WARN_NON_LITERAL_NULL_CONVERSION = YES;
				CLANG_WARN_OBJC_IMPLICIT_RETAIN_SELF = YES;
				CLANG_WARN_OBJC_LITERAL_CONVERSION = YES;
				CLANG_WARN_OBJC_ROOT_CLASS = YES_ERROR;
				CLANG_WARN_QUOTED_INCLUDE_IN_FRAMEWORK_HEADER = YES;
				CLANG_WARN_RANGE_LOOP_ANALYSIS = YES;
				CLANG_WARN_STRICT_PROTOTYPES = YES;
				CLANG_WARN_SUSPICIOUS_MOVE = YES;
				CLANG_WARN_UNGUARDED_AVAILABILITY = YES_AGGRESSIVE;
				CLANG_WARN_UNREACHABLE_CODE = YES;
				CLANG_WARN__DUPLICATE_METHOD_MATCH = YES;
				COPY_PHASE_STRIP = NO;
				DEBUG_INFORMATION_FORMAT = "dwarf-with-dsym";
				ENABLE_NS_ASSERTIONS = NO;
				ENABLE_STRICT_OBJC_MSGSEND = YES;
				ENABLE_USER_SCRIPT_SANDBOXING = YES;
				GCC_C_LANGUAGE_STANDARD = gnu17;
				GCC_NO_COMMON_BLOCKS = YES;
				GCC_WARN_64_TO_32_BIT_CONVERSION = YES;
				GCC_WARN_ABOUT_RETURN_TYPE = YES_ERROR;
				GCC_WARN_UNDECLARED_SELECTOR = YES;
				GCC_WARN_UNINITIALIZED_AUTOS = YES_AGGRESSIVE;
				GCC_WARN_UNUSED_FUNCTION = YES;
				GCC_WARN_UNUSED_VARIABLE = YES;
				IPHONEOS_DEPLOYMENT_TARGET = 17.5;
				LOCALIZATION_PREFERS_STRING_CATALOGS = YES;
				MTL_ENABLE_DEBUG_INFO = NO;
				MTL_FAST_MATH = YES;
				SDKROOT = iphoneos;
				SWIFT_COMPILATION_MODE = wholemodule;
				VALIDATE_PRODUCT = YES;
			};
			name = Release;
		};
		B275E7C92C5679A1000D3CB3 /* Debug */ = {
			isa = XCBuildConfiguration;
			buildSettings = {
				ASSETCATALOG_COMPILER_APPICON_NAME = AppIcon;
				ASSETCATALOG_COMPILER_GLOBAL_ACCENT_COLOR_NAME = AccentColor;
				CODE_SIGN_STYLE = Automatic;
				CURRENT_PROJECT_VERSION = 1;
				DEVELOPMENT_ASSET_PATHS = "\"SwiftUIMVVMCExample/Preview Content\"";
				DEVELOPMENT_TEAM = "";
				ENABLE_PREVIEWS = YES;
				GENERATE_INFOPLIST_FILE = YES;
				INFOPLIST_KEY_UIApplicationSceneManifest_Generation = YES;
				INFOPLIST_KEY_UIApplicationSupportsIndirectInputEvents = YES;
				INFOPLIST_KEY_UILaunchScreen_Generation = YES;
				INFOPLIST_KEY_UISupportedInterfaceOrientations_iPad = "UIInterfaceOrientationPortrait UIInterfaceOrientationPortraitUpsideDown UIInterfaceOrientationLandscapeLeft UIInterfaceOrientationLandscapeRight";
				INFOPLIST_KEY_UISupportedInterfaceOrientations_iPhone = "UIInterfaceOrientationPortrait UIInterfaceOrientationLandscapeLeft UIInterfaceOrientationLandscapeRight";
				LD_RUNPATH_SEARCH_PATHS = (
					"$(inherited)",
					"@executable_path/Frameworks",
				);
				MARKETING_VERSION = 1.0;
				PRODUCT_BUNDLE_IDENTIFIER = pl.osiennik.lukasz.SwiftUIMVVMCExample;
				PRODUCT_NAME = "$(TARGET_NAME)";
				SWIFT_EMIT_LOC_STRINGS = YES;
				SWIFT_VERSION = 5.0;
				TARGETED_DEVICE_FAMILY = "1,2";
			};
			name = Debug;
		};
		B275E7CA2C5679A1000D3CB3 /* Release */ = {
			isa = XCBuildConfiguration;
			buildSettings = {
				ASSETCATALOG_COMPILER_APPICON_NAME = AppIcon;
				ASSETCATALOG_COMPILER_GLOBAL_ACCENT_COLOR_NAME = AccentColor;
				CODE_SIGN_STYLE = Automatic;
				CURRENT_PROJECT_VERSION = 1;
				DEVELOPMENT_ASSET_PATHS = "\"SwiftUIMVVMCExample/Preview Content\"";
				DEVELOPMENT_TEAM = "";
				ENABLE_PREVIEWS = YES;
				GENERATE_INFOPLIST_FILE = YES;
				INFOPLIST_KEY_UIApplicationSceneManifest_Generation = YES;
				INFOPLIST_KEY_UIApplicationSupportsIndirectInputEvents = YES;
				INFOPLIST_KEY_UILaunchScreen_Generation = YES;
				INFOPLIST_KEY_UISupportedInterfaceOrientations_iPad = "UIInterfaceOrientationPortrait UIInterfaceOrientationPortraitUpsideDown UIInterfaceOrientationLandscapeLeft UIInterfaceOrientationLandscapeRight";
				INFOPLIST_KEY_UISupportedInterfaceOrientations_iPhone = "UIInterfaceOrientationPortrait UIInterfaceOrientationLandscapeLeft UIInterfaceOrientationLandscapeRight";
				LD_RUNPATH_SEARCH_PATHS = (
					"$(inherited)",
					"@executable_path/Frameworks",
				);
				MARKETING_VERSION = 1.0;
				PRODUCT_BUNDLE_IDENTIFIER = pl.osiennik.lukasz.SwiftUIMVVMCExample;
				PRODUCT_NAME = "$(TARGET_NAME)";
				SWIFT_EMIT_LOC_STRINGS = YES;
				SWIFT_VERSION = 5.0;
				TARGETED_DEVICE_FAMILY = "1,2";
			};
			name = Release;
		};
/* End XCBuildConfiguration section */

/* Begin XCConfigurationList section */
		B275E7B52C56799F000D3CB3 /* Build configuration list for PBXProject "SwiftUIMVVMCExample" */ = {
			isa = XCConfigurationList;
			buildConfigurations = (
				B275E7C62C5679A1000D3CB3 /* Debug */,
				B275E7C72C5679A1000D3CB3 /* Release */,
			);
			defaultConfigurationIsVisible = 0;
			defaultConfigurationName = Release;
		};
		B275E7C82C5679A1000D3CB3 /* Build configuration list for PBXNativeTarget "SwiftUIMVVMCExample" */ = {
			isa = XCConfigurationList;
			buildConfigurations = (
				B275E7C92C5679A1000D3CB3 /* Debug */,
				B275E7CA2C5679A1000D3CB3 /* Release */,
			);
			defaultConfigurationIsVisible = 0;
			defaultConfigurationName = Release;
		};
/* End XCConfigurationList section */

/* Begin XCSwiftPackageProductDependency section */
		B28008062C57974D0035E429 /* SwiftUI_MVVMC */ = {
			isa = XCSwiftPackageProductDependency;
			productName = SwiftUI_MVVMC;
		};
/* End XCSwiftPackageProductDependency section */
	};
	rootObject = B275E7B22C56799F000D3CB3 /* Project object */;
}
