{
  "originHash" : "68a4822289e74388c00e61e1cf0aee4eb650cb6592deb17624b77bb3eab78473",
  "pins" : [
    {
      "identity" : "swiftlintplugins",
      "kind" : "remoteSourceControl",
      "location" : "https://github.com/SimplyDanny/SwiftLintPlugins",
      "state" : {
        "revision" : "9ad9487c2448b3f1265ea2cc8af246b9cae6878d",
        "version" : "0.56.1"
      }
    }
  ],
  "version" : 3
}
