{
  "originHash" : "74caf101e4feab75fc3f270427da617a75467e2443cdc457292b12ce637369d0",
  "pins" : [
    {
      "identity" : "swiftlintplugins",
      "kind" : "remoteSourceControl",
      "location" : "https://github.com/SimplyDanny/SwiftLintPlugins",
      "state" : {
        "revision" : "9ad9487c2448b3f1265ea2cc8af246b9cae6878d",
        "version" : "0.56.1"
      }
    }
  ],
  "version" : 3
}
